
Microsoft Visual Studio Solution File, Format Version 12.00
# Visual Studio 15
VisualStudioVersion = 15.0.28307.421
MinimumVisualStudioVersion = 10.0.40219.1
Project("{FAE04EC0-301F-11D3-BF4B-00C04F79EFBC}") = "MyFirstCoreWebApi", "MyFirstCoreWebApi\MyFirstCoreWebApi.csproj", "{EE5B15EC-713F-409C-AC79-107D8473D300}"
EndProject
Global
	GlobalSection(SolutionConfigurationPlatforms) = preSolution
		Debug|Any CPU = Debug|Any CPU
		Release|Any CPU = Release|Any CPU
	EndGlobalSection
	GlobalSection(ProjectConfigurationPlatforms) = postSolution
		{EE5B15EC-713F-409C-AC79-107D8473D300}.Debug|Any CPU.ActiveCfg = Debug|Any CPU
		{EE5B15EC-713F-409C-AC79-107D8473D300}.Debug|Any CPU.Build.0 = Debug|Any CPU
		{EE5B15EC-713F-409C-AC79-107D8473D300}.Release|Any CPU.ActiveCfg = Release|Any CPU
		{EE5B15EC-713F-409C-AC79-107D8473D300}.Release|Any CPU.Build.0 = Release|Any CPU
	EndGlobalSection
	GlobalSection(SolutionProperties) = preSolution
		HideSolutionNode = FALSE
	EndGlobalSection
	GlobalSection(ExtensibilityGlobals) = postSolution
		SolutionGuid = {8C8033AF-A2D6-40B7-B67F-C2917E648D33}
	EndGlobalSection
EndGlobal
